// !$*UTF8*$!
{
	archiveVersion = 1;
	classes = {
	};
	objectVersion = 46;
	objects = {

/* Begin PBXBuildFile section */
		4505AB511D7A1D9E00AA1987 /* Game.cpp in Sources */ = {isa = PBXBuildFile; fileRef = 4505AB4F1D7A1D9E00AA1987 /* Game.cpp */; };
		4513EAEB1D79B07C008FE329 /* Shader.cpp in Sources */ = {isa = PBXBuildFile; fileRef = 4513EAE91D79B07C008FE329 /* Shader.cpp */; };
		455D0DD71D7D6A1A009F956E /* Mesh.cpp in Sources */ = {isa = PBXBuildFile; fileRef = 455D0DD51D7D6A1A009F956E /* Mesh.cpp */; };
		45836B261D7C66C400F17DD1 /* Biome.cpp in Sources */ = {isa = PBXBuildFile; fileRef = 45836B251D7C66C400F17DD1 /* Biome.cpp */; };
		45BD7E081D7D44D20034BECD /* GraphicsComponent.cpp in Sources */ = {isa = PBXBuildFile; fileRef = 45BD7E061D7D44D20034BECD /* GraphicsComponent.cpp */; };
		45BD7E0B1D7D44E80034BECD /* PhysicsComponent.cpp in Sources */ = {isa = PBXBuildFile; fileRef = 45BD7E091D7D44E80034BECD /* PhysicsComponent.cpp */; };
		45BDBAAF1D7DAF1500BF1396 /* AVLTree.cpp in Sources */ = {isa = PBXBuildFile; fileRef = 45BDBAAD1D7DAF1500BF1396 /* AVLTree.cpp */; };
		45C1178A1D77FF6200FE98A9 /* main.cpp in Sources */ = {isa = PBXBuildFile; fileRef = 45C117891D77FF6200FE98A9 /* main.cpp */; };
		45C117951D78005500FE98A9 /* OpenGL.framework in Frameworks */ = {isa = PBXBuildFile; fileRef = 45C117941D78005500FE98A9 /* OpenGL.framework */; };
		45C117A11D7805E700FE98A9 /* libGLEW.dylib in Frameworks */ = {isa = PBXBuildFile; fileRef = 45C1179F1D7805E700FE98A9 /* libGLEW.dylib */; };
		45C117A21D7805E700FE98A9 /* SDL2.framework in Frameworks */ = {isa = PBXBuildFile; fileRef = 45C117A01D7805E700FE98A9 /* SDL2.framework */; };
		45C117A71D780C1A00FE98A9 /* GameObject.cpp in Sources */ = {isa = PBXBuildFile; fileRef = 45C117A51D780C1A00FE98A9 /* GameObject.cpp */; };
		45C117BD1D788CBC00FE98A9 /* Window.cpp in Sources */ = {isa = PBXBuildFile; fileRef = 45C117BB1D788CBC00FE98A9 /* Window.cpp */; };
		45EA1AEC1D7B6C3E00DEA56C /* InputHandler.cpp in Sources */ = {isa = PBXBuildFile; fileRef = 45EA1AEB1D7B6C3E00DEA56C /* InputHandler.cpp */; };
/* End PBXBuildFile section */

/* Begin PBXCopyFilesBuildPhase section */
		45C117841D77FF6200FE98A9 /* CopyFiles */ = {
			isa = PBXCopyFilesBuildPhase;
			buildActionMask = 2147483647;
			dstPath = /usr/share/man/man1/;
			dstSubfolderSpec = 0;
			files = (
			);
			runOnlyForDeploymentPostprocessing = 1;
		};
/* End PBXCopyFilesBuildPhase section */

/* Begin PBXFileReference section */
		4505AB4F1D7A1D9E00AA1987 /* Game.cpp */ = {isa = PBXFileReference; fileEncoding = 4; lastKnownFileType = sourcecode.cpp.cpp; path = Game.cpp; sourceTree = "<group>"; };
		4505AB501D7A1D9E00AA1987 /* Game.hpp */ = {isa = PBXFileReference; fileEncoding = 4; lastKnownFileType = sourcecode.cpp.h; path = Game.hpp; sourceTree = "<group>"; };
		4513EAE91D79B07C008FE329 /* Shader.cpp */ = {isa = PBXFileReference; fileEncoding = 4; lastKnownFileType = sourcecode.cpp.cpp; path = Shader.cpp; sourceTree = "<group>"; };
		4513EAEA1D79B07C008FE329 /* Shader.hpp */ = {isa = PBXFileReference; fileEncoding = 4; lastKnownFileType = sourcecode.cpp.h; path = Shader.hpp; sourceTree = "<group>"; };
		45315AE01D7C58A8000BC397 /* Biome.hpp */ = {isa = PBXFileReference; lastKnownFileType = sourcecode.cpp.h; path = Biome.hpp; sourceTree = "<group>"; };
		455D0DD51D7D6A1A009F956E /* Mesh.cpp */ = {isa = PBXFileReference; fileEncoding = 4; lastKnownFileType = sourcecode.cpp.cpp; path = Mesh.cpp; sourceTree = "<group>"; };
		455D0DD61D7D6A1A009F956E /* Mesh.hpp */ = {isa = PBXFileReference; fileEncoding = 4; lastKnownFileType = sourcecode.cpp.h; path = Mesh.hpp; sourceTree = "<group>"; };
		45836B251D7C66C400F17DD1 /* Biome.cpp */ = {isa = PBXFileReference; fileEncoding = 4; lastKnownFileType = sourcecode.cpp.cpp; path = Biome.cpp; sourceTree = "<group>"; };
		4592786F1D7CBEDC00BBA3BE /* Camera.hpp */ = {isa = PBXFileReference; fileEncoding = 4; lastKnownFileType = sourcecode.cpp.h; path = Camera.hpp; sourceTree = "<group>"; };
		45BD7E061D7D44D20034BECD /* GraphicsComponent.cpp */ = {isa = PBXFileReference; fileEncoding = 4; lastKnownFileType = sourcecode.cpp.cpp; path = GraphicsComponent.cpp; sourceTree = "<group>"; };
		45BD7E071D7D44D20034BECD /* GraphicsComponent.hpp */ = {isa = PBXFileReference; fileEncoding = 4; lastKnownFileType = sourcecode.cpp.h; path = GraphicsComponent.hpp; sourceTree = "<group>"; };
		45BD7E091D7D44E80034BECD /* PhysicsComponent.cpp */ = {isa = PBXFileReference; fileEncoding = 4; lastKnownFileType = sourcecode.cpp.cpp; path = PhysicsComponent.cpp; sourceTree = "<group>"; };
		45BD7E0A1D7D44E80034BECD /* PhysicsComponent.hpp */ = {isa = PBXFileReference; fileEncoding = 4; lastKnownFileType = sourcecode.cpp.h; path = PhysicsComponent.hpp; sourceTree = "<group>"; };
		45BDBAAD1D7DAF1500BF1396 /* AVLTree.cpp */ = {isa = PBXFileReference; fileEncoding = 4; lastKnownFileType = sourcecode.cpp.cpp; path = AVLTree.cpp; sourceTree = "<group>"; };
		45BDBAAE1D7DAF1500BF1396 /* AVLTree.hpp */ = {isa = PBXFileReference; fileEncoding = 4; lastKnownFileType = sourcecode.cpp.h; path = AVLTree.hpp; sourceTree = "<group>"; };
		45C117861D77FF6200FE98A9 /* Tribes */ = {isa = PBXFileReference; explicitFileType = "compiled.mach-o.executable"; includeInIndex = 0; path = Tribes; sourceTree = BUILT_PRODUCTS_DIR; };
		45C117891D77FF6200FE98A9 /* main.cpp */ = {isa = PBXFileReference; lastKnownFileType = sourcecode.cpp.cpp; path = main.cpp; sourceTree = "<group>"; };
		45C117941D78005500FE98A9 /* OpenGL.framework */ = {isa = PBXFileReference; lastKnownFileType = wrapper.framework; name = OpenGL.framework; path = System/Library/Frameworks/OpenGL.framework; sourceTree = SDKROOT; };
		45C1179F1D7805E700FE98A9 /* libGLEW.dylib */ = {isa = PBXFileReference; lastKnownFileType = "compiled.mach-o.dylib"; name = libGLEW.dylib; path = ../../../../../../../Library/Frameworks/libGLEW.dylib; sourceTree = "<group>"; };
		45C117A01D7805E700FE98A9 /* SDL2.framework */ = {isa = PBXFileReference; lastKnownFileType = wrapper.framework; name = SDL2.framework; path = ../../../../../../../Library/Frameworks/SDL2.framework; sourceTree = "<group>"; };
		45C117A31D78084800FE98A9 /* Assets */ = {isa = PBXFileReference; lastKnownFileType = folder; path = Assets; sourceTree = "<group>"; };
		45C117A41D78099D00FE98A9 /* glm */ = {isa = PBXFileReference; lastKnownFileType = folder; path = glm; sourceTree = "<group>"; };
		45C117A51D780C1A00FE98A9 /* GameObject.cpp */ = {isa = PBXFileReference; fileEncoding = 4; lastKnownFileType = sourcecode.cpp.cpp; path = GameObject.cpp; sourceTree = "<group>"; };
		45C117A61D780C1A00FE98A9 /* GameObject.hpp */ = {isa = PBXFileReference; fileEncoding = 4; lastKnownFileType = sourcecode.cpp.h; path = GameObject.hpp; sourceTree = "<group>"; };
		45C117AE1D78132E00FE98A9 /* Transform.hpp */ = {isa = PBXFileReference; fileEncoding = 4; lastKnownFileType = sourcecode.cpp.h; path = Transform.hpp; sourceTree = "<group>"; };
		45C117B51D7818F900FE98A9 /* glew */ = {isa = PBXFileReference; lastKnownFileType = folder; path = glew; sourceTree = "<group>"; };
		45C117BA1D78250000FE98A9 /* Maths.h */ = {isa = PBXFileReference; lastKnownFileType = sourcecode.c.h; path = Maths.h; sourceTree = "<group>"; };
		45C117BB1D788CBC00FE98A9 /* Window.cpp */ = {isa = PBXFileReference; fileEncoding = 4; lastKnownFileType = sourcecode.cpp.cpp; path = Window.cpp; sourceTree = "<group>"; };
		45C117BC1D788CBC00FE98A9 /* Window.hpp */ = {isa = PBXFileReference; fileEncoding = 4; lastKnownFileType = sourcecode.cpp.h; path = Window.hpp; sourceTree = "<group>"; };
		45CAB16B1D7AD269006A0018 /* InputHandler.hpp */ = {isa = PBXFileReference; lastKnownFileType = sourcecode.cpp.h; path = InputHandler.hpp; sourceTree = "<group>"; };
		45EA1AEB1D7B6C3E00DEA56C /* InputHandler.cpp */ = {isa = PBXFileReference; fileEncoding = 4; lastKnownFileType = sourcecode.cpp.cpp; path = InputHandler.cpp; sourceTree = "<group>"; };
/* End PBXFileReference section */

/* Begin PBXFrameworksBuildPhase section */
		45C117831D77FF6200FE98A9 /* Frameworks */ = {
			isa = PBXFrameworksBuildPhase;
			buildActionMask = 2147483647;
			files = (
				45C117A11D7805E700FE98A9 /* libGLEW.dylib in Frameworks */,
				45C117A21D7805E700FE98A9 /* SDL2.framework in Frameworks */,
				45C117951D78005500FE98A9 /* OpenGL.framework in Frameworks */,
			);
			runOnlyForDeploymentPostprocessing = 0;
		};
/* End PBXFrameworksBuildPhase section */

/* Begin PBXGroup section */
		45C1177D1D77FF6100FE98A9 = {
			isa = PBXGroup;
			children = (
				45C117881D77FF6200FE98A9 /* Tribes */,
				45C117871D77FF6200FE98A9 /* Products */,
				45C117931D78005500FE98A9 /* Frameworks */,
			);
			sourceTree = "<group>";
		};
		45C117871D77FF6200FE98A9 /* Products */ = {
			isa = PBXGroup;
			children = (
				45C117861D77FF6200FE98A9 /* Tribes */,
			);
			name = Products;
			sourceTree = "<group>";
		};
		45C117881D77FF6200FE98A9 /* Tribes */ = {
			isa = PBXGroup;
			children = (
				45C117A31D78084800FE98A9 /* Assets */,
				45C117A41D78099D00FE98A9 /* glm */,
				45C117B51D7818F900FE98A9 /* glew */,
				45836B251D7C66C400F17DD1 /* Biome.cpp */,
				45315AE01D7C58A8000BC397 /* Biome.hpp */,
				4592786F1D7CBEDC00BBA3BE /* Camera.hpp */,
				4505AB4F1D7A1D9E00AA1987 /* Game.cpp */,
				4505AB501D7A1D9E00AA1987 /* Game.hpp */,
				45BD7E061D7D44D20034BECD /* GraphicsComponent.cpp */,
				45BD7E071D7D44D20034BECD /* GraphicsComponent.hpp */,
				45BD7E091D7D44E80034BECD /* PhysicsComponent.cpp */,
				45BD7E0A1D7D44E80034BECD /* PhysicsComponent.hpp */,
				45C117A51D780C1A00FE98A9 /* GameObject.cpp */,
				45C117A61D780C1A00FE98A9 /* GameObject.hpp */,
				45BDBAAD1D7DAF1500BF1396 /* AVLTree.cpp */,
				45BDBAAE1D7DAF1500BF1396 /* AVLTree.hpp */,
				45EA1AEB1D7B6C3E00DEA56C /* InputHandler.cpp */,
				45CAB16B1D7AD269006A0018 /* InputHandler.hpp */,
				45C117891D77FF6200FE98A9 /* main.cpp */,
				45C117BA1D78250000FE98A9 /* Maths.h */,
				455D0DD51D7D6A1A009F956E /* Mesh.cpp */,
				455D0DD61D7D6A1A009F956E /* Mesh.hpp */,
				4513EAE91D79B07C008FE329 /* Shader.cpp */,
				4513EAEA1D79B07C008FE329 /* Shader.hpp */,
				45C117AE1D78132E00FE98A9 /* Transform.hpp */,
				45C117BB1D788CBC00FE98A9 /* Window.cpp */,
				45C117BC1D788CBC00FE98A9 /* Window.hpp */,
			);
			path = Tribes;
			sourceTree = "<group>";
		};
		45C117931D78005500FE98A9 /* Frameworks */ = {
			isa = PBXGroup;
			children = (
				45C1179F1D7805E700FE98A9 /* libGLEW.dylib */,
				45C117A01D7805E700FE98A9 /* SDL2.framework */,
				45C117941D78005500FE98A9 /* OpenGL.framework */,
			);
			name = Frameworks;
			sourceTree = "<group>";
		};
/* End PBXGroup section */

/* Begin PBXNativeTarget section */
		45C117851D77FF6200FE98A9 /* Tribes */ = {
			isa = PBXNativeTarget;
			buildConfigurationList = 45C1178D1D77FF6200FE98A9 /* Build configuration list for PBXNativeTarget "Tribes" */;
			buildPhases = (
				45C117821D77FF6200FE98A9 /* Sources */,
				45C117831D77FF6200FE98A9 /* Frameworks */,
				45C117841D77FF6200FE98A9 /* CopyFiles */,
			);
			buildRules = (
			);
			dependencies = (
			);
			name = Tribes;
			productName = Tribes;
			productReference = 45C117861D77FF6200FE98A9 /* Tribes */;
			productType = "com.apple.product-type.tool";
		};
/* End PBXNativeTarget section */

/* Begin PBXProject section */
		45C1177E1D77FF6100FE98A9 /* Project object */ = {
			isa = PBXProject;
			attributes = {
				LastUpgradeCheck = 0800;
				ORGANIZATIONNAME = Dissertation;
				TargetAttributes = {
					45C117851D77FF6200FE98A9 = {
						CreatedOnToolsVersion = 8.0;
						ProvisioningStyle = Automatic;
					};
				};
			};
			buildConfigurationList = 45C117811D77FF6100FE98A9 /* Build configuration list for PBXProject "Tribes" */;
			compatibilityVersion = "Xcode 3.2";
			developmentRegion = English;
			hasScannedForEncodings = 0;
			knownRegions = (
				en,
			);
			mainGroup = 45C1177D1D77FF6100FE98A9;
			productRefGroup = 45C117871D77FF6200FE98A9 /* Products */;
			projectDirPath = "";
			projectRoot = "";
			targets = (
				45C117851D77FF6200FE98A9 /* Tribes */,
			);
		};
/* End PBXProject section */

/* Begin PBXSourcesBuildPhase section */
		45C117821D77FF6200FE98A9 /* Sources */ = {
			isa = PBXSourcesBuildPhase;
			buildActionMask = 2147483647;
			files = (
				45C117A71D780C1A00FE98A9 /* GameObject.cpp in Sources */,
				45C1178A1D77FF6200FE98A9 /* main.cpp in Sources */,
				45BD7E081D7D44D20034BECD /* GraphicsComponent.cpp in Sources */,
				45C117BD1D788CBC00FE98A9 /* Window.cpp in Sources */,
				45BDBAAF1D7DAF1500BF1396 /* AVLTree.cpp in Sources */,
				455D0DD71D7D6A1A009F956E /* Mesh.cpp in Sources */,
				4513EAEB1D79B07C008FE329 /* Shader.cpp in Sources */,
				4505AB511D7A1D9E00AA1987 /* Game.cpp in Sources */,
				45836B261D7C66C400F17DD1 /* Biome.cpp in Sources */,
				45EA1AEC1D7B6C3E00DEA56C /* InputHandler.cpp in Sources */,
				45BD7E0B1D7D44E80034BECD /* PhysicsComponent.cpp in Sources */,
			);
			runOnlyForDeploymentPostprocessing = 0;
		};
/* End PBXSourcesBuildPhase section */

/* Begin XCBuildConfiguration section */
		45C1178B1D77FF6200FE98A9 /* Debug */ = {
			isa = XCBuildConfiguration;
			buildSettings = {
				ALWAYS_SEARCH_USER_PATHS = NO;
				CLANG_ANALYZER_NONNULL = YES;
				CLANG_CXX_LANGUAGE_STANDARD = "gnu++0x";
				CLANG_CXX_LIBRARY = "libc++";
				CLANG_ENABLE_MODULES = YES;
				CLANG_ENABLE_OBJC_ARC = YES;
				CLANG_WARN_BOOL_CONVERSION = YES;
				CLANG_WARN_CONSTANT_CONVERSION = YES;
				CLANG_WARN_DIRECT_OBJC_ISA_USAGE = YES_ERROR;
				CLANG_WARN_DOCUMENTATION_COMMENTS = YES;
				CLANG_WARN_EMPTY_BODY = YES;
				CLANG_WARN_ENUM_CONVERSION = YES;
				CLANG_WARN_INT_CONVERSION = YES;
				CLANG_WARN_OBJC_ROOT_CLASS = YES_ERROR;
				CLANG_WARN_UNREACHABLE_CODE = YES;
				CLANG_WARN__DUPLICATE_METHOD_MATCH = YES;
				CODE_SIGN_IDENTITY = "-";
				COPY_PHASE_STRIP = NO;
				DEBUG_INFORMATION_FORMAT = dwarf;
				ENABLE_STRICT_OBJC_MSGSEND = YES;
				ENABLE_TESTABILITY = YES;
				GCC_C_LANGUAGE_STANDARD = gnu99;
				GCC_DYNAMIC_NO_PIC = NO;
				GCC_NO_COMMON_BLOCKS = YES;
				GCC_OPTIMIZATION_LEVEL = 0;
				GCC_PREPROCESSOR_DEFINITIONS = (
					"DEBUG=1",
					"$(inherited)",
				);
				GCC_WARN_64_TO_32_BIT_CONVERSION = YES;
				GCC_WARN_ABOUT_RETURN_TYPE = YES_ERROR;
				GCC_WARN_UNDECLARED_SELECTOR = YES;
				GCC_WARN_UNINITIALIZED_AUTOS = YES_AGGRESSIVE;
				GCC_WARN_UNUSED_FUNCTION = YES;
				GCC_WARN_UNUSED_VARIABLE = YES;
				MACOSX_DEPLOYMENT_TARGET = 10.12;
				MTL_ENABLE_DEBUG_INFO = YES;
				ONLY_ACTIVE_ARCH = YES;
				SDKROOT = macosx;
			};
			name = Debug;
		};
		45C1178C1D77FF6200FE98A9 /* Release */ = {
			isa = XCBuildConfiguration;
			buildSettings = {
				ALWAYS_SEARCH_USER_PATHS = NO;
				CLANG_ANALYZER_NONNULL = YES;
				CLANG_CXX_LANGUAGE_STANDARD = "gnu++0x";
				CLANG_CXX_LIBRARY = "libc++";
				CLANG_ENABLE_MODULES = YES;
				CLANG_ENABLE_OBJC_ARC = YES;
				CLANG_WARN_BOOL_CONVERSION = YES;
				CLANG_WARN_CONSTANT_CONVERSION = YES;
				CLANG_WARN_DIRECT_OBJC_ISA_USAGE = YES_ERROR;
				CLANG_WARN_DOCUMENTATION_COMMENTS = YES;
				CLANG_WARN_EMPTY_BODY = YES;
				CLANG_WARN_ENUM_CONVERSION = YES;
				CLANG_WARN_INT_CONVERSION = YES;
				CLANG_WARN_OBJC_ROOT_CLASS = YES_ERROR;
				CLANG_WARN_UNREACHABLE_CODE = YES;
				CLANG_WARN__DUPLICATE_METHOD_MATCH = YES;
				CODE_SIGN_IDENTITY = "-";
				COPY_PHASE_STRIP = NO;
				DEBUG_INFORMATION_FORMAT = "dwarf-with-dsym";
				ENABLE_NS_ASSERTIONS = NO;
				ENABLE_STRICT_OBJC_MSGSEND = YES;
				GCC_C_LANGUAGE_STANDARD = gnu99;
				GCC_NO_COMMON_BLOCKS = YES;
				GCC_WARN_64_TO_32_BIT_CONVERSION = YES;
				GCC_WARN_ABOUT_RETURN_TYPE = YES_ERROR;
				GCC_WARN_UNDECLARED_SELECTOR = YES;
				GCC_WARN_UNINITIALIZED_AUTOS = YES_AGGRESSIVE;
				GCC_WARN_UNUSED_FUNCTION = YES;
				GCC_WARN_UNUSED_VARIABLE = YES;
				MACOSX_DEPLOYMENT_TARGET = 10.12;
				MTL_ENABLE_DEBUG_INFO = NO;
				SDKROOT = macosx;
			};
			name = Release;
		};
		45C1178E1D77FF6200FE98A9 /* Debug */ = {
			isa = XCBuildConfiguration;
			buildSettings = {
				FRAMEWORK_SEARCH_PATHS = (
					"$(inherited)",
					"$(LOCAL_LIBRARY_DIR)/Frameworks",
				);
				LIBRARY_SEARCH_PATHS = (
					"$(inherited)",
					"$(LOCAL_LIBRARY_DIR)/Frameworks",
				);
				PRODUCT_NAME = "$(TARGET_NAME)";
			};
			name = Debug;
		};
		45C1178F1D77FF6200FE98A9 /* Release */ = {
			isa = XCBuildConfiguration;
			buildSettings = {
				FRAMEWORK_SEARCH_PATHS = (
					"$(inherited)",
					"$(LOCAL_LIBRARY_DIR)/Frameworks",
				);
				LIBRARY_SEARCH_PATHS = (
					"$(inherited)",
					"$(LOCAL_LIBRARY_DIR)/Frameworks",
				);
				PRODUCT_NAME = "$(TARGET_NAME)";
			};
			name = Release;
		};
/* End XCBuildConfiguration section */

/* Begin XCConfigurationList section */
		45C117811D77FF6100FE98A9 /* Build configuration list for PBXProject "Tribes" */ = {
			isa = XCConfigurationList;
			buildConfigurations = (
				45C1178B1D77FF6200FE98A9 /* Debug */,
				45C1178C1D77FF6200FE98A9 /* Release */,
			);
			defaultConfigurationIsVisible = 0;
			defaultConfigurationName = Release;
		};
		45C1178D1D77FF6200FE98A9 /* Build configuration list for PBXNativeTarget "Tribes" */ = {
			isa = XCConfigurationList;
			buildConfigurations = (
				45C1178E1D77FF6200FE98A9 /* Debug */,
				45C1178F1D77FF6200FE98A9 /* Release */,
			);
			defaultConfigurationIsVisible = 0;
			defaultConfigurationName = Release;
		};
/* End XCConfigurationList section */
	};
	rootObject = 45C1177E1D77FF6100FE98A9 /* Project object */;
}
