// !$*UTF8*$!
{
	archiveVersion = 1;
	classes = {
	};
	objectVersion = 46;
	objects = {

/* Begin PBXBuildFile section */
		45C117951D78005500FE98A9 /* OpenGL.framework in Frameworks */ = {isa = PBXBuildFile; fileRef = 45C117941D78005500FE98A9 /* OpenGL.framework */; };
		45C117A11D7805E700FE98A9 /* libGLEW.dylib in Frameworks */ = {isa = PBXBuildFile; fileRef = 45C1179F1D7805E700FE98A9 /* libGLEW.dylib */; };
		CE0194A91DB3B051002621EE /* Backdrop.cpp in Sources */ = {isa = PBXBuildFile; fileRef = CE0194A71DB3B051002621EE /* Backdrop.cpp */; };
		CE0194AC1DB3B0E5002621EE /* BackdropGraphics.cpp in Sources */ = {isa = PBXBuildFile; fileRef = CE0194AA1DB3B0E5002621EE /* BackdropGraphics.cpp */; };
		CE1A096D1DB26C5A0024AD91 /* Flag.cpp in Sources */ = {isa = PBXBuildFile; fileRef = CE1A096C1DB26C5A0024AD91 /* Flag.cpp */; };
		CE1A09701DB26D8F0024AD91 /* FlagGraphics.cpp in Sources */ = {isa = PBXBuildFile; fileRef = CE1A096E1DB26D8F0024AD91 /* FlagGraphics.cpp */; };
		CE1A09731DB2A7CE0024AD91 /* HUD.cpp in Sources */ = {isa = PBXBuildFile; fileRef = CE1A09711DB2A7CE0024AD91 /* HUD.cpp */; };
		CE2697331DAEADE600F9833E /* Biome.cpp in Sources */ = {isa = PBXBuildFile; fileRef = CE2697261DAEADE600F9833E /* Biome.cpp */; };
		CE2697341DAEADE600F9833E /* BiomeGraphics.cpp in Sources */ = {isa = PBXBuildFile; fileRef = CE2697271DAEADE600F9833E /* BiomeGraphics.cpp */; };
		CE2697351DAEADE600F9833E /* Game.cpp in Sources */ = {isa = PBXBuildFile; fileRef = CE2697281DAEADE600F9833E /* Game.cpp */; };
		CE2697361DAEADE600F9833E /* GameObject.cpp in Sources */ = {isa = PBXBuildFile; fileRef = CE2697291DAEADE600F9833E /* GameObject.cpp */; };
		CE2697371DAEADE600F9833E /* InputHandler.cpp in Sources */ = {isa = PBXBuildFile; fileRef = CE26972A1DAEADE600F9833E /* InputHandler.cpp */; };
		CE2697381DAEADE600F9833E /* main.cpp in Sources */ = {isa = PBXBuildFile; fileRef = CE26972B1DAEADE600F9833E /* main.cpp */; };
		CE2697391DAEADE600F9833E /* Mesh.cpp in Sources */ = {isa = PBXBuildFile; fileRef = CE26972C1DAEADE600F9833E /* Mesh.cpp */; };
		CE26973A1DAEADE600F9833E /* Planet.cpp in Sources */ = {isa = PBXBuildFile; fileRef = CE26972D1DAEADE600F9833E /* Planet.cpp */; };
		CE26973B1DAEADE600F9833E /* PlanetGraphics.cpp in Sources */ = {isa = PBXBuildFile; fileRef = CE26972E1DAEADE600F9833E /* PlanetGraphics.cpp */; };
		CE26973C1DAEADE600F9833E /* Shader.cpp in Sources */ = {isa = PBXBuildFile; fileRef = CE26972F1DAEADE600F9833E /* Shader.cpp */; };
		CE26973D1DAEADE600F9833E /* Texture.cpp in Sources */ = {isa = PBXBuildFile; fileRef = CE2697301DAEADE600F9833E /* Texture.cpp */; };
		CE26973E1DAEADE600F9833E /* Tribe.cpp in Sources */ = {isa = PBXBuildFile; fileRef = CE2697311DAEADE600F9833E /* Tribe.cpp */; };
		CE26973F1DAEADE600F9833E /* Window.cpp in Sources */ = {isa = PBXBuildFile; fileRef = CE2697321DAEADE600F9833E /* Window.cpp */; };
		CE3852881D8C3DC5006A104C /* libSOIL.a in Frameworks */ = {isa = PBXBuildFile; fileRef = CE3852871D8C3DC5006A104C /* libSOIL.a */; };
		CE6DE44F1DB1870B00B5A1AD /* libfreetype.dylib in Frameworks */ = {isa = PBXBuildFile; fileRef = CE6DE44E1DB1870B00B5A1AD /* libfreetype.dylib */; };
		CE71EFCB1D89AE4D00A638DD /* CoreVideo.framework in Frameworks */ = {isa = PBXBuildFile; fileRef = CE71EFCA1D89AE4D00A638DD /* CoreVideo.framework */; };
		CED62A9F1D89A7BD00805C8E /* libglfw3.dylib in Frameworks */ = {isa = PBXBuildFile; fileRef = CED62A9E1D89A7BD00805C8E /* libglfw3.dylib */; };
		CED62ABC1D89AC6300805C8E /* Cocoa.framework in Frameworks */ = {isa = PBXBuildFile; fileRef = CED62ABB1D89AC6300805C8E /* Cocoa.framework */; };
		CED62ABE1D89ACF900805C8E /* IOKit.framework in Frameworks */ = {isa = PBXBuildFile; fileRef = CED62ABD1D89ACF900805C8E /* IOKit.framework */; };
		CEFB30031DB180E100BF5CE7 /* TextRender.cpp in Sources */ = {isa = PBXBuildFile; fileRef = CEFB30011DB180E100BF5CE7 /* TextRender.cpp */; };
/* End PBXBuildFile section */

/* Begin PBXCopyFilesBuildPhase section */
		45C117841D77FF6200FE98A9 /* CopyFiles */ = {
			isa = PBXCopyFilesBuildPhase;
			buildActionMask = 2147483647;
			dstPath = /usr/share/man/man1/;
			dstSubfolderSpec = 0;
			files = (
			);
			runOnlyForDeploymentPostprocessing = 1;
		};
/* End PBXCopyFilesBuildPhase section */

/* Begin PBXFileReference section */
		45C117861D77FF6200FE98A9 /* Tribes */ = {isa = PBXFileReference; explicitFileType = "compiled.mach-o.executable"; includeInIndex = 0; path = Tribes; sourceTree = BUILT_PRODUCTS_DIR; };
		45C117941D78005500FE98A9 /* OpenGL.framework */ = {isa = PBXFileReference; lastKnownFileType = wrapper.framework; name = OpenGL.framework; path = System/Library/Frameworks/OpenGL.framework; sourceTree = SDKROOT; };
		45C1179F1D7805E700FE98A9 /* libGLEW.dylib */ = {isa = PBXFileReference; lastKnownFileType = "compiled.mach-o.dylib"; name = libGLEW.dylib; path = ../../../../../../../Library/Frameworks/libGLEW.dylib; sourceTree = "<group>"; };
		45C117A31D78084800FE98A9 /* Assets */ = {isa = PBXFileReference; lastKnownFileType = folder; path = Assets; sourceTree = "<group>"; };
		CE0194A71DB3B051002621EE /* Backdrop.cpp */ = {isa = PBXFileReference; fileEncoding = 4; lastKnownFileType = sourcecode.cpp.cpp; name = Backdrop.cpp; path = Source/Backdrop.cpp; sourceTree = "<group>"; };
		CE0194AA1DB3B0E5002621EE /* BackdropGraphics.cpp */ = {isa = PBXFileReference; fileEncoding = 4; lastKnownFileType = sourcecode.cpp.cpp; name = BackdropGraphics.cpp; path = Source/BackdropGraphics.cpp; sourceTree = "<group>"; };
		CE1570A21D8C1CA1005F6DB0 /* tasks.txt */ = {isa = PBXFileReference; fileEncoding = 4; lastKnownFileType = text; path = tasks.txt; sourceTree = "<group>"; };
		CE1A096C1DB26C5A0024AD91 /* Flag.cpp */ = {isa = PBXFileReference; fileEncoding = 4; lastKnownFileType = sourcecode.cpp.cpp; name = Flag.cpp; path = Source/Flag.cpp; sourceTree = "<group>"; };
		CE1A096E1DB26D8F0024AD91 /* FlagGraphics.cpp */ = {isa = PBXFileReference; fileEncoding = 4; lastKnownFileType = sourcecode.cpp.cpp; name = FlagGraphics.cpp; path = Source/FlagGraphics.cpp; sourceTree = "<group>"; };
		CE1A09711DB2A7CE0024AD91 /* HUD.cpp */ = {isa = PBXFileReference; fileEncoding = 4; lastKnownFileType = sourcecode.cpp.cpp; name = HUD.cpp; path = Source/HUD.cpp; sourceTree = "<group>"; };
		CE2697261DAEADE600F9833E /* Biome.cpp */ = {isa = PBXFileReference; fileEncoding = 4; lastKnownFileType = sourcecode.cpp.cpp; name = Biome.cpp; path = Source/Biome.cpp; sourceTree = "<group>"; };
		CE2697271DAEADE600F9833E /* BiomeGraphics.cpp */ = {isa = PBXFileReference; fileEncoding = 4; lastKnownFileType = sourcecode.cpp.cpp; name = BiomeGraphics.cpp; path = Source/BiomeGraphics.cpp; sourceTree = "<group>"; };
		CE2697281DAEADE600F9833E /* Game.cpp */ = {isa = PBXFileReference; fileEncoding = 4; lastKnownFileType = sourcecode.cpp.cpp; name = Game.cpp; path = Source/Game.cpp; sourceTree = "<group>"; };
		CE2697291DAEADE600F9833E /* GameObject.cpp */ = {isa = PBXFileReference; fileEncoding = 4; lastKnownFileType = sourcecode.cpp.cpp; name = GameObject.cpp; path = Source/GameObject.cpp; sourceTree = "<group>"; };
		CE26972A1DAEADE600F9833E /* InputHandler.cpp */ = {isa = PBXFileReference; fileEncoding = 4; lastKnownFileType = sourcecode.cpp.cpp; name = InputHandler.cpp; path = Source/InputHandler.cpp; sourceTree = "<group>"; };
		CE26972B1DAEADE600F9833E /* main.cpp */ = {isa = PBXFileReference; fileEncoding = 4; lastKnownFileType = sourcecode.cpp.cpp; name = main.cpp; path = Source/main.cpp; sourceTree = "<group>"; };
		CE26972C1DAEADE600F9833E /* Mesh.cpp */ = {isa = PBXFileReference; fileEncoding = 4; lastKnownFileType = sourcecode.cpp.cpp; name = Mesh.cpp; path = Source/Mesh.cpp; sourceTree = "<group>"; };
		CE26972D1DAEADE600F9833E /* Planet.cpp */ = {isa = PBXFileReference; fileEncoding = 4; lastKnownFileType = sourcecode.cpp.cpp; name = Planet.cpp; path = Source/Planet.cpp; sourceTree = "<group>"; };
		CE26972E1DAEADE600F9833E /* PlanetGraphics.cpp */ = {isa = PBXFileReference; fileEncoding = 4; lastKnownFileType = sourcecode.cpp.cpp; name = PlanetGraphics.cpp; path = Source/PlanetGraphics.cpp; sourceTree = "<group>"; };
		CE26972F1DAEADE600F9833E /* Shader.cpp */ = {isa = PBXFileReference; fileEncoding = 4; lastKnownFileType = sourcecode.cpp.cpp; name = Shader.cpp; path = Source/Shader.cpp; sourceTree = "<group>"; };
		CE2697301DAEADE600F9833E /* Texture.cpp */ = {isa = PBXFileReference; fileEncoding = 4; lastKnownFileType = sourcecode.cpp.cpp; name = Texture.cpp; path = Source/Texture.cpp; sourceTree = "<group>"; };
		CE2697311DAEADE600F9833E /* Tribe.cpp */ = {isa = PBXFileReference; fileEncoding = 4; lastKnownFileType = sourcecode.cpp.cpp; name = Tribe.cpp; path = Source/Tribe.cpp; sourceTree = "<group>"; };
		CE2697321DAEADE600F9833E /* Window.cpp */ = {isa = PBXFileReference; fileEncoding = 4; lastKnownFileType = sourcecode.cpp.cpp; name = Window.cpp; path = Source/Window.cpp; sourceTree = "<group>"; };
		CE3852871D8C3DC5006A104C /* libSOIL.a */ = {isa = PBXFileReference; lastKnownFileType = archive.ar; name = libSOIL.a; path = /Library/Frameworks/libSOIL.a; sourceTree = "<absolute>"; };
		CE3EBCC61DB5257900CABC71 /* shapes.txt */ = {isa = PBXFileReference; fileEncoding = 4; lastKnownFileType = text; path = shapes.txt; sourceTree = "<group>"; };
		CE6DE44E1DB1870B00B5A1AD /* libfreetype.dylib */ = {isa = PBXFileReference; lastKnownFileType = "compiled.mach-o.dylib"; name = libfreetype.dylib; path = ../../../../../../../Library/Frameworks/libfreetype.dylib; sourceTree = "<group>"; };
		CE71EFCA1D89AE4D00A638DD /* CoreVideo.framework */ = {isa = PBXFileReference; lastKnownFileType = wrapper.framework; name = CoreVideo.framework; path = System/Library/Frameworks/CoreVideo.framework; sourceTree = SDKROOT; };
		CEB56C781DAEAA1E00840F6B /* Headers */ = {isa = PBXFileReference; lastKnownFileType = folder; path = Headers; sourceTree = "<group>"; };
		CED62A9E1D89A7BD00805C8E /* libglfw3.dylib */ = {isa = PBXFileReference; lastKnownFileType = archive.ar; name = libglfw3.dylib; path = ../../../../../../../Library/Frameworks/libglfw3.dylib; sourceTree = "<group>"; };
		CED62ABB1D89AC6300805C8E /* Cocoa.framework */ = {isa = PBXFileReference; lastKnownFileType = wrapper.framework; name = Cocoa.framework; path = System/Library/Frameworks/Cocoa.framework; sourceTree = SDKROOT; };
		CED62ABD1D89ACF900805C8E /* IOKit.framework */ = {isa = PBXFileReference; lastKnownFileType = wrapper.framework; name = IOKit.framework; path = System/Library/Frameworks/IOKit.framework; sourceTree = SDKROOT; };
		CEFB30011DB180E100BF5CE7 /* TextRender.cpp */ = {isa = PBXFileReference; fileEncoding = 4; lastKnownFileType = sourcecode.cpp.cpp; name = TextRender.cpp; path = Source/TextRender.cpp; sourceTree = "<group>"; };
/* End PBXFileReference section */

/* Begin PBXFrameworksBuildPhase section */
		45C117831D77FF6200FE98A9 /* Frameworks */ = {
			isa = PBXFrameworksBuildPhase;
			buildActionMask = 2147483647;
			files = (
				CE71EFCB1D89AE4D00A638DD /* CoreVideo.framework in Frameworks */,
				45C117951D78005500FE98A9 /* OpenGL.framework in Frameworks */,
				CED62ABC1D89AC6300805C8E /* Cocoa.framework in Frameworks */,
				CED62ABE1D89ACF900805C8E /* IOKit.framework in Frameworks */,
				CE6DE44F1DB1870B00B5A1AD /* libfreetype.dylib in Frameworks */,
				45C117A11D7805E700FE98A9 /* libGLEW.dylib in Frameworks */,
				CED62A9F1D89A7BD00805C8E /* libglfw3.dylib in Frameworks */,
				CE3852881D8C3DC5006A104C /* libSOIL.a in Frameworks */,
			);
			runOnlyForDeploymentPostprocessing = 0;
		};
/* End PBXFrameworksBuildPhase section */

/* Begin PBXGroup section */
		45C1177D1D77FF6100FE98A9 = {
			isa = PBXGroup;
			children = (
				45C117881D77FF6200FE98A9 /* Tribes */,
				45C117871D77FF6200FE98A9 /* Products */,
				45C117931D78005500FE98A9 /* Frameworks */,
			);
			sourceTree = "<group>";
		};
		45C117871D77FF6200FE98A9 /* Products */ = {
			isa = PBXGroup;
			children = (
				45C117861D77FF6200FE98A9 /* Tribes */,
			);
			name = Products;
			sourceTree = "<group>";
		};
		45C117881D77FF6200FE98A9 /* Tribes */ = {
			isa = PBXGroup;
			children = (
				45C117A31D78084800FE98A9 /* Assets */,
				CEB56C781DAEAA1E00840F6B /* Headers */,
				CE2697261DAEADE600F9833E /* Biome.cpp */,
				CE2697271DAEADE600F9833E /* BiomeGraphics.cpp */,
				CE2697281DAEADE600F9833E /* Game.cpp */,
				CE2697291DAEADE600F9833E /* GameObject.cpp */,
				CE26972A1DAEADE600F9833E /* InputHandler.cpp */,
				CE1A09711DB2A7CE0024AD91 /* HUD.cpp */,
				CE1A096E1DB26D8F0024AD91 /* FlagGraphics.cpp */,
				CE26972B1DAEADE600F9833E /* main.cpp */,
				CE0194AA1DB3B0E5002621EE /* BackdropGraphics.cpp */,
				CE26972C1DAEADE600F9833E /* Mesh.cpp */,
				CE0194A71DB3B051002621EE /* Backdrop.cpp */,
				CE26972D1DAEADE600F9833E /* Planet.cpp */,
				CE1A096C1DB26C5A0024AD91 /* Flag.cpp */,
				CEFB30011DB180E100BF5CE7 /* TextRender.cpp */,
				CE26972E1DAEADE600F9833E /* PlanetGraphics.cpp */,
				CE26972F1DAEADE600F9833E /* Shader.cpp */,
				CE2697301DAEADE600F9833E /* Texture.cpp */,
				CE2697311DAEADE600F9833E /* Tribe.cpp */,
				CE2697321DAEADE600F9833E /* Window.cpp */,
				CE3EBCC61DB5257900CABC71 /* shapes.txt */,
				CE1570A21D8C1CA1005F6DB0 /* tasks.txt */,
			);
			path = Tribes;
			sourceTree = "<group>";
		};
		45C117931D78005500FE98A9 /* Frameworks */ = {
			isa = PBXGroup;
			children = (
				CE71EFCA1D89AE4D00A638DD /* CoreVideo.framework */,
				45C117941D78005500FE98A9 /* OpenGL.framework */,
				CED62ABB1D89AC6300805C8E /* Cocoa.framework */,
				CED62ABD1D89ACF900805C8E /* IOKit.framework */,
				CE6DE44E1DB1870B00B5A1AD /* libfreetype.dylib */,
				45C1179F1D7805E700FE98A9 /* libGLEW.dylib */,
				CED62A9E1D89A7BD00805C8E /* libglfw3.dylib */,
				CE3852871D8C3DC5006A104C /* libSOIL.a */,
			);
			name = Frameworks;
			sourceTree = "<group>";
		};
/* End PBXGroup section */

/* Begin PBXNativeTarget section */
		45C117851D77FF6200FE98A9 /* Tribes */ = {
			isa = PBXNativeTarget;
			buildConfigurationList = 45C1178D1D77FF6200FE98A9 /* Build configuration list for PBXNativeTarget "Tribes" */;
			buildPhases = (
				45C117821D77FF6200FE98A9 /* Sources */,
				45C117831D77FF6200FE98A9 /* Frameworks */,
				45C117841D77FF6200FE98A9 /* CopyFiles */,
			);
			buildRules = (
			);
			dependencies = (
			);
			name = Tribes;
			productName = Tribes;
			productReference = 45C117861D77FF6200FE98A9 /* Tribes */;
			productType = "com.apple.product-type.tool";
		};
/* End PBXNativeTarget section */

/* Begin PBXProject section */
		45C1177E1D77FF6100FE98A9 /* Project object */ = {
			isa = PBXProject;
			attributes = {
				LastUpgradeCheck = 0800;
				ORGANIZATIONNAME = Dissertation;
				TargetAttributes = {
					45C117851D77FF6200FE98A9 = {
						CreatedOnToolsVersion = 8.0;
						ProvisioningStyle = Automatic;
					};
				};
			};
			buildConfigurationList = 45C117811D77FF6100FE98A9 /* Build configuration list for PBXProject "Tribes" */;
			compatibilityVersion = "Xcode 3.2";
			developmentRegion = English;
			hasScannedForEncodings = 0;
			knownRegions = (
				en,
			);
			mainGroup = 45C1177D1D77FF6100FE98A9;
			productRefGroup = 45C117871D77FF6200FE98A9 /* Products */;
			projectDirPath = "";
			projectRoot = "";
			targets = (
				45C117851D77FF6200FE98A9 /* Tribes */,
			);
		};
/* End PBXProject section */

/* Begin PBXSourcesBuildPhase section */
		45C117821D77FF6200FE98A9 /* Sources */ = {
			isa = PBXSourcesBuildPhase;
			buildActionMask = 2147483647;
			files = (
				CE2697361DAEADE600F9833E /* GameObject.cpp in Sources */,
				CEFB30031DB180E100BF5CE7 /* TextRender.cpp in Sources */,
				CE26973E1DAEADE600F9833E /* Tribe.cpp in Sources */,
				CE2697351DAEADE600F9833E /* Game.cpp in Sources */,
				CE2697381DAEADE600F9833E /* main.cpp in Sources */,
				CE26973B1DAEADE600F9833E /* PlanetGraphics.cpp in Sources */,
				CE26973F1DAEADE600F9833E /* Window.cpp in Sources */,
				CE26973C1DAEADE600F9833E /* Shader.cpp in Sources */,
				CE2697391DAEADE600F9833E /* Mesh.cpp in Sources */,
				CE1A096D1DB26C5A0024AD91 /* Flag.cpp in Sources */,
				CE2697331DAEADE600F9833E /* Biome.cpp in Sources */,
				CE2697371DAEADE600F9833E /* InputHandler.cpp in Sources */,
				CE1A09701DB26D8F0024AD91 /* FlagGraphics.cpp in Sources */,
				CE1A09731DB2A7CE0024AD91 /* HUD.cpp in Sources */,
				CE2697341DAEADE600F9833E /* BiomeGraphics.cpp in Sources */,
				CE26973A1DAEADE600F9833E /* Planet.cpp in Sources */,
				CE26973D1DAEADE600F9833E /* Texture.cpp in Sources */,
				CE0194A91DB3B051002621EE /* Backdrop.cpp in Sources */,
				CE0194AC1DB3B0E5002621EE /* BackdropGraphics.cpp in Sources */,
			);
			runOnlyForDeploymentPostprocessing = 0;
		};
/* End PBXSourcesBuildPhase section */

/* Begin XCBuildConfiguration section */
		45C1178B1D77FF6200FE98A9 /* Debug */ = {
			isa = XCBuildConfiguration;
			buildSettings = {
				ALWAYS_SEARCH_USER_PATHS = NO;
				CLANG_ANALYZER_NONNULL = YES;
				CLANG_CXX_LANGUAGE_STANDARD = "gnu++0x";
				CLANG_CXX_LIBRARY = "libc++";
				CLANG_ENABLE_MODULES = YES;
				CLANG_ENABLE_OBJC_ARC = YES;
				CLANG_WARN_BOOL_CONVERSION = YES;
				CLANG_WARN_CONSTANT_CONVERSION = YES;
				CLANG_WARN_DIRECT_OBJC_ISA_USAGE = YES_ERROR;
				CLANG_WARN_DOCUMENTATION_COMMENTS = YES;
				CLANG_WARN_EMPTY_BODY = YES;
				CLANG_WARN_ENUM_CONVERSION = YES;
				CLANG_WARN_INFINITE_RECURSION = YES;
				CLANG_WARN_INT_CONVERSION = YES;
				CLANG_WARN_OBJC_ROOT_CLASS = YES_ERROR;
				CLANG_WARN_SUSPICIOUS_MOVE = YES;
				CLANG_WARN_UNREACHABLE_CODE = YES;
				CLANG_WARN__DUPLICATE_METHOD_MATCH = YES;
				CODE_SIGN_IDENTITY = "-";
				COPY_PHASE_STRIP = NO;
				DEBUG_INFORMATION_FORMAT = dwarf;
				ENABLE_STRICT_OBJC_MSGSEND = YES;
				ENABLE_TESTABILITY = YES;
				GCC_C_LANGUAGE_STANDARD = gnu99;
				GCC_DYNAMIC_NO_PIC = NO;
				GCC_NO_COMMON_BLOCKS = YES;
				GCC_OPTIMIZATION_LEVEL = 0;
				GCC_PREPROCESSOR_DEFINITIONS = (
					"DEBUG=1",
					"$(inherited)",
				);
				GCC_WARN_64_TO_32_BIT_CONVERSION = YES;
				GCC_WARN_ABOUT_RETURN_TYPE = YES_ERROR;
				GCC_WARN_UNDECLARED_SELECTOR = YES;
				GCC_WARN_UNINITIALIZED_AUTOS = YES_AGGRESSIVE;
				GCC_WARN_UNUSED_FUNCTION = YES;
				GCC_WARN_UNUSED_VARIABLE = YES;
				MACOSX_DEPLOYMENT_TARGET = 10.12;
				MTL_ENABLE_DEBUG_INFO = YES;
				ONLY_ACTIVE_ARCH = YES;
				SDKROOT = macosx;
			};
			name = Debug;
		};
		45C1178C1D77FF6200FE98A9 /* Release */ = {
			isa = XCBuildConfiguration;
			buildSettings = {
				ALWAYS_SEARCH_USER_PATHS = NO;
				CLANG_ANALYZER_NONNULL = YES;
				CLANG_CXX_LANGUAGE_STANDARD = "gnu++0x";
				CLANG_CXX_LIBRARY = "libc++";
				CLANG_ENABLE_MODULES = YES;
				CLANG_ENABLE_OBJC_ARC = YES;
				CLANG_WARN_BOOL_CONVERSION = YES;
				CLANG_WARN_CONSTANT_CONVERSION = YES;
				CLANG_WARN_DIRECT_OBJC_ISA_USAGE = YES_ERROR;
				CLANG_WARN_DOCUMENTATION_COMMENTS = YES;
				CLANG_WARN_EMPTY_BODY = YES;
				CLANG_WARN_ENUM_CONVERSION = YES;
				CLANG_WARN_INFINITE_RECURSION = YES;
				CLANG_WARN_INT_CONVERSION = YES;
				CLANG_WARN_OBJC_ROOT_CLASS = YES_ERROR;
				CLANG_WARN_SUSPICIOUS_MOVE = YES;
				CLANG_WARN_UNREACHABLE_CODE = YES;
				CLANG_WARN__DUPLICATE_METHOD_MATCH = YES;
				CODE_SIGN_IDENTITY = "-";
				COPY_PHASE_STRIP = NO;
				DEBUG_INFORMATION_FORMAT = "dwarf-with-dsym";
				ENABLE_NS_ASSERTIONS = NO;
				ENABLE_STRICT_OBJC_MSGSEND = YES;
				GCC_C_LANGUAGE_STANDARD = gnu99;
				GCC_NO_COMMON_BLOCKS = YES;
				GCC_WARN_64_TO_32_BIT_CONVERSION = YES;
				GCC_WARN_ABOUT_RETURN_TYPE = YES_ERROR;
				GCC_WARN_UNDECLARED_SELECTOR = YES;
				GCC_WARN_UNINITIALIZED_AUTOS = YES_AGGRESSIVE;
				GCC_WARN_UNUSED_FUNCTION = YES;
				GCC_WARN_UNUSED_VARIABLE = YES;
				MACOSX_DEPLOYMENT_TARGET = 10.12;
				MTL_ENABLE_DEBUG_INFO = NO;
				SDKROOT = macosx;
			};
			name = Release;
		};
		45C1178E1D77FF6200FE98A9 /* Debug */ = {
			isa = XCBuildConfiguration;
			buildSettings = {
				ALWAYS_SEARCH_USER_PATHS = YES;
				FRAMEWORK_SEARCH_PATHS = (
					"$(inherited)",
					"$(LOCAL_LIBRARY_DIR)/Frameworks",
					/usr/local/,
					/usr/local/include,
					/usr/local/include/freetype2,
				);
				LIBRARY_SEARCH_PATHS = (
					"$(inherited)",
					"$(LOCAL_LIBRARY_DIR)/Frameworks",
					/usr/local/,
					/usr/local/include,
					/usr/local/include/freetype2,
				);
				MACOSX_DEPLOYMENT_TARGET = 10.10;
				PRODUCT_NAME = "$(TARGET_NAME)";
				USER_HEADER_SEARCH_PATHS = "/usr/local/ /usr/local/include /usr/local/include/freetype2";
			};
			name = Debug;
		};
		45C1178F1D77FF6200FE98A9 /* Release */ = {
			isa = XCBuildConfiguration;
			buildSettings = {
				ALWAYS_SEARCH_USER_PATHS = YES;
				FRAMEWORK_SEARCH_PATHS = (
					"$(inherited)",
					"$(LOCAL_LIBRARY_DIR)/Frameworks",
					/usr/local/,
					/usr/local/include,
					/usr/local/include/freetype2,
				);
				LIBRARY_SEARCH_PATHS = (
					"$(inherited)",
					"$(LOCAL_LIBRARY_DIR)/Frameworks",
					/usr/local/,
					/usr/local/include,
					/usr/local/include/freetype2,
				);
				MACOSX_DEPLOYMENT_TARGET = 10.10;
				PRODUCT_NAME = "$(TARGET_NAME)";
				USER_HEADER_SEARCH_PATHS = "/usr/local/ /usr/local/include /usr/local/include/freetype2";
			};
			name = Release;
		};
/* End XCBuildConfiguration section */

/* Begin XCConfigurationList section */
		45C117811D77FF6100FE98A9 /* Build configuration list for PBXProject "Tribes" */ = {
			isa = XCConfigurationList;
			buildConfigurations = (
				45C1178B1D77FF6200FE98A9 /* Debug */,
				45C1178C1D77FF6200FE98A9 /* Release */,
			);
			defaultConfigurationIsVisible = 0;
			defaultConfigurationName = Release;
		};
		45C1178D1D77FF6200FE98A9 /* Build configuration list for PBXNativeTarget "Tribes" */ = {
			isa = XCConfigurationList;
			buildConfigurations = (
				45C1178E1D77FF6200FE98A9 /* Debug */,
				45C1178F1D77FF6200FE98A9 /* Release */,
			);
			defaultConfigurationIsVisible = 0;
			defaultConfigurationName = Release;
		};
/* End XCConfigurationList section */
	};
	rootObject = 45C1177E1D77FF6100FE98A9 /* Project object */;
}
