// !$*UTF8*$!
{
	archiveVersion = 1;
	classes = {
	};
	objectVersion = 46;
	objects = {

/* Begin PBXBuildFile section */
		45C117951D78005500FE98A9 /* OpenGL.framework in Frameworks */ = {isa = PBXBuildFile; fileRef = 45C117941D78005500FE98A9 /* OpenGL.framework */; };
		45C117A11D7805E700FE98A9 /* libGLEW.dylib in Frameworks */ = {isa = PBXBuildFile; fileRef = 45C1179F1D7805E700FE98A9 /* libGLEW.dylib */; };
		62256AAB1DE73BA700BF0E96 /* Model.cpp in Sources */ = {isa = PBXBuildFile; fileRef = 62256AAA1DE73BA700BF0E96 /* Model.cpp */; };
		624F49AA1DCBE7CE0065CE1A /* KeyboardInputComponent.cpp in Sources */ = {isa = PBXBuildFile; fileRef = 624F49A41DCBE7CE0065CE1A /* KeyboardInputComponent.cpp */; };
		624F49AB1DCBE7CE0065CE1A /* Player.cpp in Sources */ = {isa = PBXBuildFile; fileRef = 624F49A51DCBE7CE0065CE1A /* Player.cpp */; };
		624F49AC1DCBE7CE0065CE1A /* MouseInputComponent.cpp in Sources */ = {isa = PBXBuildFile; fileRef = 624F49A61DCBE7CE0065CE1A /* MouseInputComponent.cpp */; };
		624F49AD1DCBE7CE0065CE1A /* MeshComponent.cpp in Sources */ = {isa = PBXBuildFile; fileRef = 624F49A71DCBE7CE0065CE1A /* MeshComponent.cpp */; };
		624F49AE1DCBE7CE0065CE1A /* ShaderComponent.cpp in Sources */ = {isa = PBXBuildFile; fileRef = 624F49A81DCBE7CE0065CE1A /* ShaderComponent.cpp */; };
		625F01E21DCE38BB005DB61D /* HUD.cpp in Sources */ = {isa = PBXBuildFile; fileRef = 625F01E01DCE38BB005DB61D /* HUD.cpp */; };
		629998FD1DE777000059827E /* libassimp.dylib in Frameworks */ = {isa = PBXBuildFile; fileRef = 629998FB1DE776780059827E /* libassimp.dylib */; };
		62A907F01DEB00960008796D /* SceneCamera.cpp in Sources */ = {isa = PBXBuildFile; fileRef = 62A907EF1DEB00960008796D /* SceneCamera.cpp */; };
		62A907F21DEB3A2C0008796D /* Cube.cpp in Sources */ = {isa = PBXBuildFile; fileRef = 62A907F11DEB3A2C0008796D /* Cube.cpp */; };
		CE2697351DAEADE600F9833E /* Game.cpp in Sources */ = {isa = PBXBuildFile; fileRef = CE2697281DAEADE600F9833E /* Game.cpp */; };
		CE2697381DAEADE600F9833E /* main.cpp in Sources */ = {isa = PBXBuildFile; fileRef = CE26972B1DAEADE600F9833E /* main.cpp */; };
		CE3852881D8C3DC5006A104C /* libSOIL.a in Frameworks */ = {isa = PBXBuildFile; fileRef = CE3852871D8C3DC5006A104C /* libSOIL.a */; };
		CE53A5B71DCD6C1F00393AD4 /* TextRenderingComponent.cpp in Sources */ = {isa = PBXBuildFile; fileRef = CE53A5B51DCD6C1F00393AD4 /* TextRenderingComponent.cpp */; };
		CE6DE44F1DB1870B00B5A1AD /* libfreetype.dylib in Frameworks */ = {isa = PBXBuildFile; fileRef = CE6DE44E1DB1870B00B5A1AD /* libfreetype.dylib */; };
		CE71EFCB1D89AE4D00A638DD /* CoreVideo.framework in Frameworks */ = {isa = PBXBuildFile; fileRef = CE71EFCA1D89AE4D00A638DD /* CoreVideo.framework */; };
		CED62A9F1D89A7BD00805C8E /* libglfw3.dylib in Frameworks */ = {isa = PBXBuildFile; fileRef = CED62A9E1D89A7BD00805C8E /* libglfw3.dylib */; };
		CED62ABC1D89AC6300805C8E /* Cocoa.framework in Frameworks */ = {isa = PBXBuildFile; fileRef = CED62ABB1D89AC6300805C8E /* Cocoa.framework */; };
		CED62ABE1D89ACF900805C8E /* IOKit.framework in Frameworks */ = {isa = PBXBuildFile; fileRef = CED62ABD1D89ACF900805C8E /* IOKit.framework */; };
		CEF03D341DCFEBD500573027 /* HUDElement.cpp in Sources */ = {isa = PBXBuildFile; fileRef = CEF03D321DCFEBD500573027 /* HUDElement.cpp */; };
/* End PBXBuildFile section */

/* Begin PBXCopyFilesBuildPhase section */
		45C117841D77FF6200FE98A9 /* CopyFiles */ = {
			isa = PBXCopyFilesBuildPhase;
			buildActionMask = 2147483647;
			dstPath = /usr/share/man/man1/;
			dstSubfolderSpec = 0;
			files = (
			);
			runOnlyForDeploymentPostprocessing = 1;
		};
/* End PBXCopyFilesBuildPhase section */

/* Begin PBXFileReference section */
		45C117861D77FF6200FE98A9 /* Tribes */ = {isa = PBXFileReference; explicitFileType = "compiled.mach-o.executable"; includeInIndex = 0; path = Tribes; sourceTree = BUILT_PRODUCTS_DIR; };
		45C117941D78005500FE98A9 /* OpenGL.framework */ = {isa = PBXFileReference; lastKnownFileType = wrapper.framework; name = OpenGL.framework; path = System/Library/Frameworks/OpenGL.framework; sourceTree = SDKROOT; };
		45C1179F1D7805E700FE98A9 /* libGLEW.dylib */ = {isa = PBXFileReference; lastKnownFileType = "compiled.mach-o.dylib"; name = libGLEW.dylib; path = ../../../../../../../Library/Frameworks/libGLEW.dylib; sourceTree = "<group>"; };
		45C117A31D78084800FE98A9 /* Assets */ = {isa = PBXFileReference; lastKnownFileType = folder; path = Assets; sourceTree = "<group>"; };
		62256AAA1DE73BA700BF0E96 /* Model.cpp */ = {isa = PBXFileReference; fileEncoding = 4; lastKnownFileType = sourcecode.cpp.cpp; name = Model.cpp; path = Source/Model.cpp; sourceTree = "<group>"; };
		624F49A41DCBE7CE0065CE1A /* KeyboardInputComponent.cpp */ = {isa = PBXFileReference; fileEncoding = 4; lastKnownFileType = sourcecode.cpp.cpp; name = KeyboardInputComponent.cpp; path = Source/KeyboardInputComponent.cpp; sourceTree = "<group>"; };
		624F49A51DCBE7CE0065CE1A /* Player.cpp */ = {isa = PBXFileReference; fileEncoding = 4; lastKnownFileType = sourcecode.cpp.cpp; name = Player.cpp; path = Source/Player.cpp; sourceTree = "<group>"; };
		624F49A61DCBE7CE0065CE1A /* MouseInputComponent.cpp */ = {isa = PBXFileReference; fileEncoding = 4; lastKnownFileType = sourcecode.cpp.cpp; name = MouseInputComponent.cpp; path = Source/MouseInputComponent.cpp; sourceTree = "<group>"; };
		624F49A71DCBE7CE0065CE1A /* MeshComponent.cpp */ = {isa = PBXFileReference; fileEncoding = 4; lastKnownFileType = sourcecode.cpp.cpp; name = MeshComponent.cpp; path = Source/MeshComponent.cpp; sourceTree = "<group>"; };
		624F49A81DCBE7CE0065CE1A /* ShaderComponent.cpp */ = {isa = PBXFileReference; fileEncoding = 4; lastKnownFileType = sourcecode.cpp.cpp; name = ShaderComponent.cpp; path = Source/ShaderComponent.cpp; sourceTree = "<group>"; };
		625F01E01DCE38BB005DB61D /* HUD.cpp */ = {isa = PBXFileReference; fileEncoding = 4; lastKnownFileType = sourcecode.cpp.cpp; name = HUD.cpp; path = Source/HUD.cpp; sourceTree = "<group>"; };
		629998FB1DE776780059827E /* libassimp.dylib */ = {isa = PBXFileReference; lastKnownFileType = "compiled.mach-o.dylib"; name = libassimp.dylib; path = ../../../../../../../Library/Frameworks/libassimp.dylib; sourceTree = "<group>"; };
		62A907EF1DEB00960008796D /* SceneCamera.cpp */ = {isa = PBXFileReference; fileEncoding = 4; lastKnownFileType = sourcecode.cpp.cpp; name = SceneCamera.cpp; path = Source/SceneCamera.cpp; sourceTree = "<group>"; };
		62A907F11DEB3A2C0008796D /* Cube.cpp */ = {isa = PBXFileReference; fileEncoding = 4; lastKnownFileType = sourcecode.cpp.cpp; name = Cube.cpp; path = Source/Cube.cpp; sourceTree = "<group>"; };
		CE2697281DAEADE600F9833E /* Game.cpp */ = {isa = PBXFileReference; fileEncoding = 4; lastKnownFileType = sourcecode.cpp.cpp; name = Game.cpp; path = Source/Game.cpp; sourceTree = "<group>"; };
		CE26972B1DAEADE600F9833E /* main.cpp */ = {isa = PBXFileReference; fileEncoding = 4; lastKnownFileType = sourcecode.cpp.cpp; name = main.cpp; path = Source/main.cpp; sourceTree = "<group>"; };
		CE3852871D8C3DC5006A104C /* libSOIL.a */ = {isa = PBXFileReference; lastKnownFileType = archive.ar; name = libSOIL.a; path = /Library/Frameworks/libSOIL.a; sourceTree = "<absolute>"; };
		CE53A5B51DCD6C1F00393AD4 /* TextRenderingComponent.cpp */ = {isa = PBXFileReference; fileEncoding = 4; lastKnownFileType = sourcecode.cpp.cpp; name = TextRenderingComponent.cpp; path = Source/TextRenderingComponent.cpp; sourceTree = "<group>"; };
		CE6DE44E1DB1870B00B5A1AD /* libfreetype.dylib */ = {isa = PBXFileReference; lastKnownFileType = "compiled.mach-o.dylib"; name = libfreetype.dylib; path = ../../../../../../../Library/Frameworks/libfreetype.dylib; sourceTree = "<group>"; };
		CE71EFCA1D89AE4D00A638DD /* CoreVideo.framework */ = {isa = PBXFileReference; lastKnownFileType = wrapper.framework; name = CoreVideo.framework; path = System/Library/Frameworks/CoreVideo.framework; sourceTree = SDKROOT; };
		CEB56C781DAEAA1E00840F6B /* Headers */ = {isa = PBXFileReference; lastKnownFileType = folder; path = Headers; sourceTree = "<group>"; };
		CED62A9E1D89A7BD00805C8E /* libglfw3.dylib */ = {isa = PBXFileReference; lastKnownFileType = archive.ar; name = libglfw3.dylib; path = ../../../../../../../Library/Frameworks/libglfw3.dylib; sourceTree = "<group>"; };
		CED62ABB1D89AC6300805C8E /* Cocoa.framework */ = {isa = PBXFileReference; lastKnownFileType = wrapper.framework; name = Cocoa.framework; path = System/Library/Frameworks/Cocoa.framework; sourceTree = SDKROOT; };
		CED62ABD1D89ACF900805C8E /* IOKit.framework */ = {isa = PBXFileReference; lastKnownFileType = wrapper.framework; name = IOKit.framework; path = System/Library/Frameworks/IOKit.framework; sourceTree = SDKROOT; };
		CEF03D321DCFEBD500573027 /* HUDElement.cpp */ = {isa = PBXFileReference; fileEncoding = 4; lastKnownFileType = sourcecode.cpp.cpp; name = HUDElement.cpp; path = Source/HUDElement.cpp; sourceTree = "<group>"; };
/* End PBXFileReference section */

/* Begin PBXFrameworksBuildPhase section */
		45C117831D77FF6200FE98A9 /* Frameworks */ = {
			isa = PBXFrameworksBuildPhase;
			buildActionMask = 2147483647;
			files = (
				CE71EFCB1D89AE4D00A638DD /* CoreVideo.framework in Frameworks */,
				45C117951D78005500FE98A9 /* OpenGL.framework in Frameworks */,
				CED62ABC1D89AC6300805C8E /* Cocoa.framework in Frameworks */,
				CED62ABE1D89ACF900805C8E /* IOKit.framework in Frameworks */,
				CE6DE44F1DB1870B00B5A1AD /* libfreetype.dylib in Frameworks */,
				45C117A11D7805E700FE98A9 /* libGLEW.dylib in Frameworks */,
				CED62A9F1D89A7BD00805C8E /* libglfw3.dylib in Frameworks */,
				629998FD1DE777000059827E /* libassimp.dylib in Frameworks */,
				CE3852881D8C3DC5006A104C /* libSOIL.a in Frameworks */,
			);
			runOnlyForDeploymentPostprocessing = 0;
		};
/* End PBXFrameworksBuildPhase section */

/* Begin PBXGroup section */
		45C1177D1D77FF6100FE98A9 = {
			isa = PBXGroup;
			children = (
				45C117881D77FF6200FE98A9 /* Tribes */,
				45C117871D77FF6200FE98A9 /* Products */,
				45C117931D78005500FE98A9 /* Frameworks */,
			);
			sourceTree = "<group>";
		};
		45C117871D77FF6200FE98A9 /* Products */ = {
			isa = PBXGroup;
			children = (
				45C117861D77FF6200FE98A9 /* Tribes */,
			);
			name = Products;
			sourceTree = "<group>";
		};
		45C117881D77FF6200FE98A9 /* Tribes */ = {
			isa = PBXGroup;
			children = (
				45C117A31D78084800FE98A9 /* Assets */,
				CEB56C781DAEAA1E00840F6B /* Headers */,
				624F49A41DCBE7CE0065CE1A /* KeyboardInputComponent.cpp */,
				624F49A51DCBE7CE0065CE1A /* Player.cpp */,
				625F01E01DCE38BB005DB61D /* HUD.cpp */,
				CEF03D321DCFEBD500573027 /* HUDElement.cpp */,
				624F49A61DCBE7CE0065CE1A /* MouseInputComponent.cpp */,
				62A907F11DEB3A2C0008796D /* Cube.cpp */,
				62256AAA1DE73BA700BF0E96 /* Model.cpp */,
				624F49A71DCBE7CE0065CE1A /* MeshComponent.cpp */,
				CE53A5B51DCD6C1F00393AD4 /* TextRenderingComponent.cpp */,
				62A907EF1DEB00960008796D /* SceneCamera.cpp */,
				624F49A81DCBE7CE0065CE1A /* ShaderComponent.cpp */,
				CE2697281DAEADE600F9833E /* Game.cpp */,
				CE26972B1DAEADE600F9833E /* main.cpp */,
			);
			path = Tribes;
			sourceTree = "<group>";
		};
		45C117931D78005500FE98A9 /* Frameworks */ = {
			isa = PBXGroup;
			children = (
				CE71EFCA1D89AE4D00A638DD /* CoreVideo.framework */,
				45C117941D78005500FE98A9 /* OpenGL.framework */,
				CED62ABB1D89AC6300805C8E /* Cocoa.framework */,
				CED62ABD1D89ACF900805C8E /* IOKit.framework */,
				CE6DE44E1DB1870B00B5A1AD /* libfreetype.dylib */,
				629998FB1DE776780059827E /* libassimp.dylib */,
				45C1179F1D7805E700FE98A9 /* libGLEW.dylib */,
				CED62A9E1D89A7BD00805C8E /* libglfw3.dylib */,
				CE3852871D8C3DC5006A104C /* libSOIL.a */,
			);
			name = Frameworks;
			sourceTree = "<group>";
		};
/* End PBXGroup section */

/* Begin PBXNativeTarget section */
		45C117851D77FF6200FE98A9 /* Tribes */ = {
			isa = PBXNativeTarget;
			buildConfigurationList = 45C1178D1D77FF6200FE98A9 /* Build configuration list for PBXNativeTarget "Tribes" */;
			buildPhases = (
				45C117821D77FF6200FE98A9 /* Sources */,
				45C117831D77FF6200FE98A9 /* Frameworks */,
				45C117841D77FF6200FE98A9 /* CopyFiles */,
			);
			buildRules = (
			);
			dependencies = (
			);
			name = Tribes;
			productName = Tribes;
			productReference = 45C117861D77FF6200FE98A9 /* Tribes */;
			productType = "com.apple.product-type.tool";
		};
/* End PBXNativeTarget section */

/* Begin PBXProject section */
		45C1177E1D77FF6100FE98A9 /* Project object */ = {
			isa = PBXProject;
			attributes = {
				LastUpgradeCheck = 0800;
				ORGANIZATIONNAME = Dissertation;
				TargetAttributes = {
					45C117851D77FF6200FE98A9 = {
						CreatedOnToolsVersion = 8.0;
						ProvisioningStyle = Automatic;
					};
				};
			};
			buildConfigurationList = 45C117811D77FF6100FE98A9 /* Build configuration list for PBXProject "Tribes" */;
			compatibilityVersion = "Xcode 3.2";
			developmentRegion = English;
			hasScannedForEncodings = 0;
			knownRegions = (
				en,
			);
			mainGroup = 45C1177D1D77FF6100FE98A9;
			productRefGroup = 45C117871D77FF6200FE98A9 /* Products */;
			projectDirPath = "";
			projectRoot = "";
			targets = (
				45C117851D77FF6200FE98A9 /* Tribes */,
			);
		};
/* End PBXProject section */

/* Begin PBXSourcesBuildPhase section */
		45C117821D77FF6200FE98A9 /* Sources */ = {
			isa = PBXSourcesBuildPhase;
			buildActionMask = 2147483647;
			files = (
				62A907F21DEB3A2C0008796D /* Cube.cpp in Sources */,
				624F49AB1DCBE7CE0065CE1A /* Player.cpp in Sources */,
				624F49AA1DCBE7CE0065CE1A /* KeyboardInputComponent.cpp in Sources */,
				CEF03D341DCFEBD500573027 /* HUDElement.cpp in Sources */,
				62A907F01DEB00960008796D /* SceneCamera.cpp in Sources */,
				CE2697351DAEADE600F9833E /* Game.cpp in Sources */,
				62256AAB1DE73BA700BF0E96 /* Model.cpp in Sources */,
				CE2697381DAEADE600F9833E /* main.cpp in Sources */,
				624F49AD1DCBE7CE0065CE1A /* MeshComponent.cpp in Sources */,
				624F49AE1DCBE7CE0065CE1A /* ShaderComponent.cpp in Sources */,
				624F49AC1DCBE7CE0065CE1A /* MouseInputComponent.cpp in Sources */,
				625F01E21DCE38BB005DB61D /* HUD.cpp in Sources */,
				CE53A5B71DCD6C1F00393AD4 /* TextRenderingComponent.cpp in Sources */,
			);
			runOnlyForDeploymentPostprocessing = 0;
		};
/* End PBXSourcesBuildPhase section */

/* Begin XCBuildConfiguration section */
		45C1178B1D77FF6200FE98A9 /* Debug */ = {
			isa = XCBuildConfiguration;
			buildSettings = {
				ALWAYS_SEARCH_USER_PATHS = NO;
				CLANG_ANALYZER_NONNULL = YES;
				CLANG_CXX_LANGUAGE_STANDARD = "gnu++0x";
				CLANG_CXX_LIBRARY = "libc++";
				CLANG_ENABLE_MODULES = YES;
				CLANG_ENABLE_OBJC_ARC = YES;
				CLANG_WARN_BOOL_CONVERSION = YES;
				CLANG_WARN_CONSTANT_CONVERSION = YES;
				CLANG_WARN_DIRECT_OBJC_ISA_USAGE = YES_ERROR;
				CLANG_WARN_DOCUMENTATION_COMMENTS = YES;
				CLANG_WARN_EMPTY_BODY = YES;
				CLANG_WARN_ENUM_CONVERSION = YES;
				CLANG_WARN_INFINITE_RECURSION = YES;
				CLANG_WARN_INT_CONVERSION = YES;
				CLANG_WARN_OBJC_ROOT_CLASS = YES_ERROR;
				CLANG_WARN_SUSPICIOUS_MOVE = YES;
				CLANG_WARN_UNREACHABLE_CODE = YES;
				CLANG_WARN__DUPLICATE_METHOD_MATCH = YES;
				CODE_SIGN_IDENTITY = "-";
				COPY_PHASE_STRIP = NO;
				DEBUG_INFORMATION_FORMAT = dwarf;
				ENABLE_STRICT_OBJC_MSGSEND = YES;
				ENABLE_TESTABILITY = YES;
				GCC_C_LANGUAGE_STANDARD = gnu99;
				GCC_DYNAMIC_NO_PIC = NO;
				GCC_NO_COMMON_BLOCKS = YES;
				GCC_OPTIMIZATION_LEVEL = 0;
				GCC_PREPROCESSOR_DEFINITIONS = (
					"DEBUG=1",
					"$(inherited)",
				);
				GCC_WARN_64_TO_32_BIT_CONVERSION = YES;
				GCC_WARN_ABOUT_RETURN_TYPE = YES_ERROR;
				GCC_WARN_UNDECLARED_SELECTOR = YES;
				GCC_WARN_UNINITIALIZED_AUTOS = YES_AGGRESSIVE;
				GCC_WARN_UNUSED_FUNCTION = YES;
				GCC_WARN_UNUSED_VARIABLE = YES;
				MACOSX_DEPLOYMENT_TARGET = 10.12;
				MTL_ENABLE_DEBUG_INFO = YES;
				ONLY_ACTIVE_ARCH = YES;
				SDKROOT = macosx;
			};
			name = Debug;
		};
		45C1178C1D77FF6200FE98A9 /* Release */ = {
			isa = XCBuildConfiguration;
			buildSettings = {
				ALWAYS_SEARCH_USER_PATHS = NO;
				CLANG_ANALYZER_NONNULL = YES;
				CLANG_CXX_LANGUAGE_STANDARD = "gnu++0x";
				CLANG_CXX_LIBRARY = "libc++";
				CLANG_ENABLE_MODULES = YES;
				CLANG_ENABLE_OBJC_ARC = YES;
				CLANG_WARN_BOOL_CONVERSION = YES;
				CLANG_WARN_CONSTANT_CONVERSION = YES;
				CLANG_WARN_DIRECT_OBJC_ISA_USAGE = YES_ERROR;
				CLANG_WARN_DOCUMENTATION_COMMENTS = YES;
				CLANG_WARN_EMPTY_BODY = YES;
				CLANG_WARN_ENUM_CONVERSION = YES;
				CLANG_WARN_INFINITE_RECURSION = YES;
				CLANG_WARN_INT_CONVERSION = YES;
				CLANG_WARN_OBJC_ROOT_CLASS = YES_ERROR;
				CLANG_WARN_SUSPICIOUS_MOVE = YES;
				CLANG_WARN_UNREACHABLE_CODE = YES;
				CLANG_WARN__DUPLICATE_METHOD_MATCH = YES;
				CODE_SIGN_IDENTITY = "-";
				COPY_PHASE_STRIP = NO;
				DEBUG_INFORMATION_FORMAT = "dwarf-with-dsym";
				ENABLE_NS_ASSERTIONS = NO;
				ENABLE_STRICT_OBJC_MSGSEND = YES;
				GCC_C_LANGUAGE_STANDARD = gnu99;
				GCC_NO_COMMON_BLOCKS = YES;
				GCC_WARN_64_TO_32_BIT_CONVERSION = YES;
				GCC_WARN_ABOUT_RETURN_TYPE = YES_ERROR;
				GCC_WARN_UNDECLARED_SELECTOR = YES;
				GCC_WARN_UNINITIALIZED_AUTOS = YES_AGGRESSIVE;
				GCC_WARN_UNUSED_FUNCTION = YES;
				GCC_WARN_UNUSED_VARIABLE = YES;
				MACOSX_DEPLOYMENT_TARGET = 10.12;
				MTL_ENABLE_DEBUG_INFO = NO;
				SDKROOT = macosx;
			};
			name = Release;
		};
		45C1178E1D77FF6200FE98A9 /* Debug */ = {
			isa = XCBuildConfiguration;
			buildSettings = {
				ALWAYS_SEARCH_USER_PATHS = YES;
				FRAMEWORK_SEARCH_PATHS = (
					"$(inherited)",
					"$(LOCAL_LIBRARY_DIR)/Frameworks",
					/usr/local/,
					/usr/local/include,
					/usr/local/include/freetype2,
				);
				GCC_WARN_INHIBIT_ALL_WARNINGS = YES;
				LIBRARY_SEARCH_PATHS = (
					"$(inherited)",
					"$(LOCAL_LIBRARY_DIR)/Frameworks",
					/usr/local/,
					/usr/local/include,
					/usr/local/include/freetype2,
				);
				MACOSX_DEPLOYMENT_TARGET = 10.11;
				PRODUCT_NAME = "$(TARGET_NAME)";
				USER_HEADER_SEARCH_PATHS = "/usr/local/ /usr/local/include /usr/local/include/freetype2";
			};
			name = Debug;
		};
		45C1178F1D77FF6200FE98A9 /* Release */ = {
			isa = XCBuildConfiguration;
			buildSettings = {
				ALWAYS_SEARCH_USER_PATHS = YES;
				FRAMEWORK_SEARCH_PATHS = (
					"$(inherited)",
					"$(LOCAL_LIBRARY_DIR)/Frameworks",
					/usr/local/,
					/usr/local/include,
					/usr/local/include/freetype2,
				);
				GCC_WARN_INHIBIT_ALL_WARNINGS = YES;
				LIBRARY_SEARCH_PATHS = (
					"$(inherited)",
					"$(LOCAL_LIBRARY_DIR)/Frameworks",
					/usr/local/,
					/usr/local/include,
					/usr/local/include/freetype2,
				);
				MACOSX_DEPLOYMENT_TARGET = 10.11;
				PRODUCT_NAME = "$(TARGET_NAME)";
				USER_HEADER_SEARCH_PATHS = "/usr/local/ /usr/local/include /usr/local/include/freetype2";
			};
			name = Release;
		};
/* End XCBuildConfiguration section */

/* Begin XCConfigurationList section */
		45C117811D77FF6100FE98A9 /* Build configuration list for PBXProject "Tribes" */ = {
			isa = XCConfigurationList;
			buildConfigurations = (
				45C1178B1D77FF6200FE98A9 /* Debug */,
				45C1178C1D77FF6200FE98A9 /* Release */,
			);
			defaultConfigurationIsVisible = 0;
			defaultConfigurationName = Release;
		};
		45C1178D1D77FF6200FE98A9 /* Build configuration list for PBXNativeTarget "Tribes" */ = {
			isa = XCConfigurationList;
			buildConfigurations = (
				45C1178E1D77FF6200FE98A9 /* Debug */,
				45C1178F1D77FF6200FE98A9 /* Release */,
			);
			defaultConfigurationIsVisible = 0;
			defaultConfigurationName = Release;
		};
/* End XCConfigurationList section */
	};
	rootObject = 45C1177E1D77FF6100FE98A9 /* Project object */;
}
